
Microsoft Visual Studio Solution File, Format Version 12.00
# Visual Studio Version 16
VisualStudioVersion = 16.0.30717.126
MinimumVisualStudioVersion = 10.0.40219.1
Project("{FAE04EC0-301F-11D3-BF4B-00C04F79EFBC}") = "Note", "Note\Note.csproj", "{217B755B-583C-4004-9390-D665FC1C0F17}"
EndProject
Global
	GlobalSection(SolutionConfigurationPlatforms) = preSolution
		Debug|Any CPU = Debug|Any CPU
		Release|Any CPU = Release|Any CPU
	EndGlobalSection
	GlobalSection(ProjectConfigurationPlatforms) = postSolution
		{217B755B-583C-4004-9390-D665FC1C0F17}.Debug|Any CPU.ActiveCfg = Debug|Any CPU
		{217B755B-583C-4004-9390-D665FC1C0F17}.Debug|Any CPU.Build.0 = Debug|Any CPU
		{217B755B-583C-4004-9390-D665FC1C0F17}.Release|Any CPU.ActiveCfg = Release|Any CPU
		{217B755B-583C-4004-9390-D665FC1C0F17}.Release|Any CPU.Build.0 = Release|Any CPU
	EndGlobalSection
	GlobalSection(SolutionProperties) = preSolution
		HideSolutionNode = FALSE
	EndGlobalSection
	GlobalSection(ExtensibilityGlobals) = postSolution
		SolutionGuid = {98EA6006-F860-417E-9042-EF7C8641BB3A}
	EndGlobalSection
EndGlobal
